{
  "version": "5",
  "specifiers": {
    "jsr:@es-toolkit/es-toolkit@^1.45.1": "1.49.0",
    "jsr:@hono/hono@^4.12.27": "4.12.27",
    "jsr:@liuxspro/capgen@~0.3.2": "0.3.2",
    "jsr:@liuxspro/geo@~0.2.1": "0.2.1",
    "jsr:@liuxspro/libs@~0.1.16": "0.1.16",
    "npm:minijinja-js@^2.15.1": "2.21.0"
  },
  "jsr": {
    "@es-toolkit/es-toolkit@1.49.0": {
      "integrity": "65c5efb21703a5c7c4367d4428e2495d209804278ae32dd04d7a663a3104a40b"
    },
    "@hono/hono@4.12.27": {
      "integrity": "3acc640592008e43f7048e8e53275203e0da84fbcd50201121195da7560583dc"
    },
    "@liuxspro/capgen@0.3.2": {
      "integrity": "366a5e5839df7d6a2495a6bffdcb4a424f5adb59affac4819889ce4b8c72d4e8",
      "dependencies": [
        "jsr:@es-toolkit/es-toolkit",
        "npm:minijinja-js"
      ]
    },
    "@liuxspro/geo@0.2.1": {
      "integrity": "05e409b0910d158b2bc3f959649fa3373064033f06d01f0ae2b47fdb7eabb82a"
    },
    "@liuxspro/libs@0.1.16": {
      "integrity": "8deffe00251f2fd1199a08a739b4e42ea5e4f99502cb311681879de2db0f6023"
    }
  },
  "npm": {
    "minijinja-js@2.21.0": {
      "integrity": "sha512-JUJUe3maztFClGP0E156npg5x62GlIl3sE42oi3Hon0uj9KzXOaKhKbi/euTB7tNPVTtRCnXFFOI1Bsyt7q1hA=="
    }
  },
  "workspace": {
    "dependencies": [
      "jsr:@hono/hono@^4.12.27",
      "jsr:@liuxspro/capgen@~0.3.2",
      "jsr:@liuxspro/geo@~0.2.1",
      "jsr:@liuxspro/libs@~0.1.16"
    ]
  }
}
