{
  "version": "5",
  "specifiers": {
    "jsr:@es-toolkit/es-toolkit@^1.45.1": "1.45.1",
    "jsr:@hono/hono@^4.11.7": "4.12.5",
    "jsr:@liuxspro/capgen@~0.2.4": "0.2.4",
    "jsr:@liuxspro/libs@~0.1.13": "0.1.15",
    "npm:minijinja-js@^2.15.1": "2.15.1"
  },
  "jsr": {
    "@es-toolkit/es-toolkit@1.45.1": {
      "integrity": "fcfce61ab4ac4db2fd45841ac86f6101b271d4e3a094dc7edbb14fd41289471b"
    },
    "@hono/hono@4.11.7": {
      "integrity": "2a0dc00088fbef98b76f575e3c4ab3d2c770d5e6095be215ae05c2aef25b363a"
    },
    "@hono/hono@4.12.5": {
      "integrity": "16e6ac6d6ab65c3d08fa4c019c3d9236389044074f3932bf0922fcb582e530c6"
    },
    "@liuxspro/capgen@0.2.4": {
      "integrity": "22dc54580ade6e1682bff744e7d61ef62f8599289d8aa6f9de958e87fabb56be",
      "dependencies": [
        "jsr:@es-toolkit/es-toolkit",
        "npm:minijinja-js"
      ]
    },
    "@liuxspro/libs@0.1.13": {
      "integrity": "9008a39a5be810d625655368af6e7902db7213c6d7e500648c1271401480aa10"
    },
    "@liuxspro/libs@0.1.15": {
      "integrity": "ae46341b741d8baa741c0101ce3034555d7aa8c7091f6315dfbbb980a4d3673a"
    }
  },
  "npm": {
    "minijinja-js@2.15.1": {
      "integrity": "sha512-I+fGgYYDh/Io1kJ1YSD1Mc9sdlK4Fdm6vHeV0qLY12684+RN3GBy9KFmykhN1fY4FGXyqKteBMDeSKkynuC79A=="
    }
  },
  "workspace": {
    "dependencies": [
      "jsr:@hono/hono@^4.11.7",
      "jsr:@liuxspro/capgen@~0.2.4",
      "jsr:@liuxspro/libs@~0.1.13"
    ]
  }
}
