{
  "version": "5",
  "specifiers": {
    "jsr:@es-toolkit/es-toolkit@^1.45.1": "1.46.1",
    "jsr:@hono/hono@^4.12.24": "4.12.24",
    "jsr:@liuxspro/capgen@~0.3.2": "0.3.2",
    "jsr:@liuxspro/libs@~0.1.16": "0.1.16",
    "npm:minijinja-js@^2.15.1": "2.17.1"
  },
  "jsr": {
    "@es-toolkit/es-toolkit@1.46.1": {
      "integrity": "88088d95646fd8b4277414865f8af4e3b241f9422ab750c4be10e8debed7a676"
    },
    "@hono/hono@4.11.7": {
      "integrity": "2a0dc00088fbef98b76f575e3c4ab3d2c770d5e6095be215ae05c2aef25b363a"
    },
    "@hono/hono@4.12.24": {
      "integrity": "a74a40f06ae6704ddd0e8e576f6da9d34666c3e1e0f5412a2c1ff800ffd092f4"
    },
    "@liuxspro/capgen@0.3.2": {
      "integrity": "366a5e5839df7d6a2495a6bffdcb4a424f5adb59affac4819889ce4b8c72d4e8",
      "dependencies": [
        "jsr:@es-toolkit/es-toolkit",
        "npm:minijinja-js"
      ]
    },
    "@liuxspro/libs@0.1.13": {
      "integrity": "9008a39a5be810d625655368af6e7902db7213c6d7e500648c1271401480aa10"
    },
    "@liuxspro/libs@0.1.16": {
      "integrity": "8deffe00251f2fd1199a08a739b4e42ea5e4f99502cb311681879de2db0f6023"
    }
  },
  "npm": {
    "minijinja-js@2.17.1": {
      "integrity": "sha512-Q9vlhYmjSEqc64/cVNZpAX27+YUFZdBE5tw/d4snd1j2jo5ORMxS1Vh5Hev/Sx+AMhXkRPcSnB2PnTs8qKnkrg=="
    }
  },
  "workspace": {
    "dependencies": [
      "jsr:@hono/hono@^4.12.24",
      "jsr:@liuxspro/capgen@~0.3.2",
      "jsr:@liuxspro/libs@~0.1.16"
    ]
  }
}
